
Microsoft Visual Studio Solution File, Format Version 12.00
# Visual Studio Version 17
VisualStudioVersion = 17.10.35027.167
MinimumVisualStudioVersion = 10.0.40219.1
Project("{FAE04EC0-301F-11D3-BF4B-00C04F79EFBC}") = "SampleApp", "SampleApp.csproj", "{4FA5D6AA-CA4D-4CB6-A96E-458A472F9BB7}"
EndProject
Global
	GlobalSection(SolutionConfigurationPlatforms) = preSolution
		Debug|Any CPU = Debug|Any CPU
		Release|Any CPU = Release|Any CPU
	EndGlobalSection
	GlobalSection(ProjectConfigurationPlatforms) = postSolution
		{4FA5D6AA-CA4D-4CB6-A96E-458A472F9BB7}.Debug|Any CPU.ActiveCfg = Debug|Any CPU
		{4FA5D6AA-CA4D-4CB6-A96E-458A472F9BB7}.Debug|Any CPU.Build.0 = Debug|Any CPU
		{4FA5D6AA-CA4D-4CB6-A96E-458A472F9BB7}.Release|Any CPU.ActiveCfg = Release|Any CPU
		{4FA5D6AA-CA4D-4CB6-A96E-458A472F9BB7}.Release|Any CPU.Build.0 = Release|Any CPU
	EndGlobalSection
	GlobalSection(SolutionProperties) = preSolution
		HideSolutionNode = FALSE
	EndGlobalSection
	GlobalSection(ExtensibilityGlobals) = postSolution
		SolutionGuid = {5E8CF34E-652E-45D7-81EA-B35A930F1074}
	EndGlobalSection
EndGlobal
